
Microsoft Visual Studio Solution File, Format Version 11.00
# Visual Studio 2010
Project("{FAE04EC0-301F-11D3-BF4B-00C04F79EFBC}") = "WindowsFormsApplication4", "WindowsFormsApplication4\WindowsFormsApplication4.csproj", "{FAD93FA9-3D64-4CAC-BFC1-8062B82842D2}"
EndProject
Global
	GlobalSection(SolutionConfigurationPlatforms) = preSolution
		Debug|x86 = Debug|x86
		Release|x86 = Release|x86
		Description = Lan-Talk developed by Kishan Kotadiya
	EndGlobalSection
	GlobalSection(ProjectConfigurationPlatforms) = postSolution
		{FAD93FA9-3D64-4CAC-BFC1-8062B82842D2}.Debug|x86.ActiveCfg = Debug|x86
		{FAD93FA9-3D64-4CAC-BFC1-8062B82842D2}.Debug|x86.Build.0 = Debug|x86
		{FAD93FA9-3D64-4CAC-BFC1-8062B82842D2}.Release|x86.ActiveCfg = Release|x86
		{FAD93FA9-3D64-4CAC-BFC1-8062B82842D2}.Release|x86.Build.0 = Release|x86
	EndGlobalSection
	GlobalSection(SolutionProperties) = preSolution
		HideSolutionNode = FALSE
	EndGlobalSection
EndGlobal
